{
  "name": "clikblog",
  "version": "1.0.0",
  "lockfileVersion": 1,
  "requires": true,
  "dependencies": {
    "v-dialogs": {
      "version": "2.1.4",
      "resolved": "https://registry.npmjs.org/v-dialogs/-/v-dialogs-2.1.4.tgz",
      "integrity": "sha512-fCOEligjt1Qmt9YneyYKV8tFU5+KuzWcpSRgeYH/9KQ1koU5U9WhiQ2g8+zEWHW6YwtAJAoVJyia7gm/xk6t6w==",
      "dev": true
    }
  }
}
